
Microsoft Visual Studio Solution File, Format Version 12.00
# Visual Studio Version 17
VisualStudioVersion = 17.5.33530.505
MinimumVisualStudioVersion = 10.0.40219.1
Project("{9A19103F-16F7-4668-BE54-9A1E7A4F7556}") = "Genshin Calculator", "Genshin Calculator\Genshin Calculator.csproj", "{6FBDFF4F-2CD4-4D15-AE8E-00E1BF37512C}"
EndProject
Global
	GlobalSection(SolutionConfigurationPlatforms) = preSolution
		Debug|Any CPU = Debug|Any CPU
		Release|Any CPU = Release|Any CPU
	EndGlobalSection
	GlobalSection(ProjectConfigurationPlatforms) = postSolution
		{6FBDFF4F-2CD4-4D15-AE8E-00E1BF37512C}.Debug|Any CPU.ActiveCfg = Debug|Any CPU
		{6FBDFF4F-2CD4-4D15-AE8E-00E1BF37512C}.Debug|Any CPU.Build.0 = Debug|Any CPU
		{6FBDFF4F-2CD4-4D15-AE8E-00E1BF37512C}.Release|Any CPU.ActiveCfg = Release|Any CPU
		{6FBDFF4F-2CD4-4D15-AE8E-00E1BF37512C}.Release|Any CPU.Build.0 = Release|Any CPU
	EndGlobalSection
	GlobalSection(SolutionProperties) = preSolution
		HideSolutionNode = FALSE
	EndGlobalSection
	GlobalSection(ExtensibilityGlobals) = postSolution
		SolutionGuid = {2D8B4899-8926-4214-ABDF-D8C95D10C8A4}
	EndGlobalSection
EndGlobal
